
Microsoft Visual Studio Solution File, Format Version 12.00
# Visual Studio Version 17
VisualStudioVersion = 17.14.36429.23 d17.14
MinimumVisualStudioVersion = 10.0.40219.1
Project("{FAE04EC0-301F-11D3-BF4B-00C04F79EFBC}") = "PreExamen", "PreExamen.csproj", "{1C02873D-8D27-482C-8D68-BCD1F54EF256}"
EndProject
Global
	GlobalSection(SolutionConfigurationPlatforms) = preSolution
		Debug|Any CPU = Debug|Any CPU
		Release|Any CPU = Release|Any CPU
	EndGlobalSection
	GlobalSection(ProjectConfigurationPlatforms) = postSolution
		{1C02873D-8D27-482C-8D68-BCD1F54EF256}.Debug|Any CPU.ActiveCfg = Debug|Any CPU
		{1C02873D-8D27-482C-8D68-BCD1F54EF256}.Debug|Any CPU.Build.0 = Debug|Any CPU
		{1C02873D-8D27-482C-8D68-BCD1F54EF256}.Release|Any CPU.ActiveCfg = Release|Any CPU
		{1C02873D-8D27-482C-8D68-BCD1F54EF256}.Release|Any CPU.Build.0 = Release|Any CPU
	EndGlobalSection
	GlobalSection(SolutionProperties) = preSolution
		HideSolutionNode = FALSE
	EndGlobalSection
	GlobalSection(ExtensibilityGlobals) = postSolution
		SolutionGuid = {D984B513-7BF2-4546-9538-7C4F4F00264C}
	EndGlobalSection
EndGlobal
